// !$*UTF8*$!
{
	archiveVersion = 1;
	classes = {
	};
	objectVersion = 55;
	objects = {

/* Begin PBXBuildFile section */
		B52E14C3299D19A600595ABC /* AppDelegate.swift in Sources */ = {isa = PBXBuildFile; fileRef = B52E14C2299D19A600595ABC /* AppDelegate.swift */; };
		B52E14C5299D19A600595ABC /* SceneDelegate.swift in Sources */ = {isa = PBXBuildFile; fileRef = B52E14C4299D19A600595ABC /* SceneDelegate.swift */; };
		B52E14C7299D19A600595ABC /* ViewController.swift in Sources */ = {isa = PBXBuildFile; fileRef = B52E14C6299D19A600595ABC /* ViewController.swift */; };
		B52E14CA299D19A600595ABC /* Main.storyboard in Resources */ = {isa = PBXBuildFile; fileRef = B52E14C8299D19A600595ABC /* Main.storyboard */; };
		B52E14CC299D19AA00595ABC /* Assets.xcassets in Resources */ = {isa = PBXBuildFile; fileRef = B52E14CB299D19AA00595ABC /* Assets.xcassets */; };
		B52E14CF299D19AA00595ABC /* LaunchScreen.storyboard in Resources */ = {isa = PBXBuildFile; fileRef = B52E14CD299D19AA00595ABC /* LaunchScreen.storyboard */; };
		B52E14D7299D2A9200595ABC /* MyTableViewCell.swift in Sources */ = {isa = PBXBuildFile; fileRef = B52E14D6299D2A9200595ABC /* MyTableViewCell.swift */; };
		B52E14D9299D497000595ABC /* TaskModel.swift in Sources */ = {isa = PBXBuildFile; fileRef = B52E14D8299D497000595ABC /* TaskModel.swift */; };
		B52E14DC299D532F00595ABC /* XibTableViewCell.swift in Sources */ = {isa = PBXBuildFile; fileRef = B52E14DA299D532F00595ABC /* XibTableViewCell.swift */; };
		B52E14DD299D532F00595ABC /* XibTableViewCell.xib in Resources */ = {isa = PBXBuildFile; fileRef = B52E14DB299D532F00595ABC /* XibTableViewCell.xib */; };
		B52E14E3299FA80F00595ABC /* DetailViewController.swift in Sources */ = {isa = PBXBuildFile; fileRef = B52E14E2299FA80F00595ABC /* DetailViewController.swift */; };
/* End PBXBuildFile section */

/* Begin PBXFileReference section */
		B52E14BF299D19A600595ABC /* TableView_Beliy_new.app */ = {isa = PBXFileReference; explicitFileType = wrapper.application; includeInIndex = 0; path = TableView_Beliy_new.app; sourceTree = BUILT_PRODUCTS_DIR; };
		B52E14C2299D19A600595ABC /* AppDelegate.swift */ = {isa = PBXFileReference; lastKnownFileType = sourcecode.swift; path = AppDelegate.swift; sourceTree = "<group>"; };
		B52E14C4299D19A600595ABC /* SceneDelegate.swift */ = {isa = PBXFileReference; lastKnownFileType = sourcecode.swift; path = SceneDelegate.swift; sourceTree = "<group>"; };
		B52E14C6299D19A600595ABC /* ViewController.swift */ = {isa = PBXFileReference; lastKnownFileType = sourcecode.swift; path = ViewController.swift; sourceTree = "<group>"; };
		B52E14C9299D19A600595ABC /* Base */ = {isa = PBXFileReference; lastKnownFileType = file.storyboard; name = Base; path = Base.lproj/Main.storyboard; sourceTree = "<group>"; };
		B52E14CB299D19AA00595ABC /* Assets.xcassets */ = {isa = PBXFileReference; lastKnownFileType = folder.assetcatalog; path = Assets.xcassets; sourceTree = "<group>"; };
		B52E14CE299D19AA00595ABC /* Base */ = {isa = PBXFileReference; lastKnownFileType = file.storyboard; name = Base; path = Base.lproj/LaunchScreen.storyboard; sourceTree = "<group>"; };
		B52E14D0299D19AA00595ABC /* Info.plist */ = {isa = PBXFileReference; lastKnownFileType = text.plist.xml; path = Info.plist; sourceTree = "<group>"; };
		B52E14D6299D2A9200595ABC /* MyTableViewCell.swift */ = {isa = PBXFileReference; lastKnownFileType = sourcecode.swift; path = MyTableViewCell.swift; sourceTree = "<group>"; };
		B52E14D8299D497000595ABC /* TaskModel.swift */ = {isa = PBXFileReference; lastKnownFileType = sourcecode.swift; path = TaskModel.swift; sourceTree = "<group>"; };
		B52E14DA299D532F00595ABC /* XibTableViewCell.swift */ = {isa = PBXFileReference; lastKnownFileType = sourcecode.swift; path = XibTableViewCell.swift; sourceTree = "<group>"; };
		B52E14DB299D532F00595ABC /* XibTableViewCell.xib */ = {isa = PBXFileReference; lastKnownFileType = file.xib; path = XibTableViewCell.xib; sourceTree = "<group>"; };
		B52E14E2299FA80F00595ABC /* DetailViewController.swift */ = {isa = PBXFileReference; lastKnownFileType = sourcecode.swift; path = DetailViewController.swift; sourceTree = "<group>"; };
/* End PBXFileReference section */

/* Begin PBXFrameworksBuildPhase section */
		B52E14BC299D19A600595ABC /* Frameworks */ = {
			isa = PBXFrameworksBuildPhase;
			buildActionMask = 2147483647;
			files = (
			);
			runOnlyForDeploymentPostprocessing = 0;
		};
/* End PBXFrameworksBuildPhase section */

/* Begin PBXGroup section */
		B52E14B6299D19A600595ABC = {
			isa = PBXGroup;
			children = (
				B52E14C1299D19A600595ABC /* TableView_Beliy_new */,
				B52E14C0299D19A600595ABC /* Products */,
			);
			sourceTree = "<group>";
		};
		B52E14C0299D19A600595ABC /* Products */ = {
			isa = PBXGroup;
			children = (
				B52E14BF299D19A600595ABC /* TableView_Beliy_new.app */,
			);
			name = Products;
			sourceTree = "<group>";
		};
		B52E14C1299D19A600595ABC /* TableView_Beliy_new */ = {
			isa = PBXGroup;
			children = (
				B52E14E1299D53C300595ABC /* Resources */,
				B52E14E0299D538400595ABC /* Controller */,
				B52E14DF299D536300595ABC /* Modal */,
				B52E14DE299D534D00595ABC /* View */,
				B52E14C2299D19A600595ABC /* AppDelegate.swift */,
				B52E14C4299D19A600595ABC /* SceneDelegate.swift */,
				B52E14D0299D19AA00595ABC /* Info.plist */,
			);
			path = TableView_Beliy_new;
			sourceTree = "<group>";
		};
		B52E14DE299D534D00595ABC /* View */ = {
			isa = PBXGroup;
			children = (
				B52E14C8299D19A600595ABC /* Main.storyboard */,
				B52E14D6299D2A9200595ABC /* MyTableViewCell.swift */,
				B52E14DB299D532F00595ABC /* XibTableViewCell.xib */,
				B52E14DA299D532F00595ABC /* XibTableViewCell.swift */,
				B52E14CD299D19AA00595ABC /* LaunchScreen.storyboard */,
			);
			path = View;
			sourceTree = "<group>";
		};
		B52E14DF299D536300595ABC /* Modal */ = {
			isa = PBXGroup;
			children = (
				B52E14D8299D497000595ABC /* TaskModel.swift */,
			);
			path = Modal;
			sourceTree = "<group>";
		};
		B52E14E0299D538400595ABC /* Controller */ = {
			isa = PBXGroup;
			children = (
				B52E14C6299D19A600595ABC /* ViewController.swift */,
				B52E14E2299FA80F00595ABC /* DetailViewController.swift */,
			);
			path = Controller;
			sourceTree = "<group>";
		};
		B52E14E1299D53C300595ABC /* Resources */ = {
			isa = PBXGroup;
			children = (
				B52E14CB299D19AA00595ABC /* Assets.xcassets */,
			);
			path = Resources;
			sourceTree = "<group>";
		};
/* End PBXGroup section */

/* Begin PBXNativeTarget section */
		B52E14BE299D19A600595ABC /* TableView_Beliy_new */ = {
			isa = PBXNativeTarget;
			buildConfigurationList = B52E14D3299D19AA00595ABC /* Build configuration list for PBXNativeTarget "TableView_Beliy_new" */;
			buildPhases = (
				B52E14BB299D19A600595ABC /* Sources */,
				B52E14BC299D19A600595ABC /* Frameworks */,
				B52E14BD299D19A600595ABC /* Resources */,
			);
			buildRules = (
			);
			dependencies = (
			);
			name = TableView_Beliy_new;
			productName = TableView_Beliy_new;
			productReference = B52E14BF299D19A600595ABC /* TableView_Beliy_new.app */;
			productType = "com.apple.product-type.application";
		};
/* End PBXNativeTarget section */

/* Begin PBXProject section */
		B52E14B7299D19A600595ABC /* Project object */ = {
			isa = PBXProject;
			attributes = {
				BuildIndependentTargetsInParallel = 1;
				LastSwiftUpdateCheck = 1320;
				LastUpgradeCheck = 1320;
				TargetAttributes = {
					B52E14BE299D19A600595ABC = {
						CreatedOnToolsVersion = 13.2.1;
					};
				};
			};
			buildConfigurationList = B52E14BA299D19A600595ABC /* Build configuration list for PBXProject "TableView_Beliy_new" */;
			compatibilityVersion = "Xcode 13.0";
			developmentRegion = en;
			hasScannedForEncodings = 0;
			knownRegions = (
				en,
				Base,
			);
			mainGroup = B52E14B6299D19A600595ABC;
			productRefGroup = B52E14C0299D19A600595ABC /* Products */;
			projectDirPath = "";
			projectRoot = "";
			targets = (
				B52E14BE299D19A600595ABC /* TableView_Beliy_new */,
			);
		};
/* End PBXProject section */

/* Begin PBXResourcesBuildPhase section */
		B52E14BD299D19A600595ABC /* Resources */ = {
			isa = PBXResourcesBuildPhase;
			buildActionMask = 2147483647;
			files = (
				B52E14CF299D19AA00595ABC /* LaunchScreen.storyboard in Resources */,
				B52E14CC299D19AA00595ABC /* Assets.xcassets in Resources */,
				B52E14CA299D19A600595ABC /* Main.storyboard in Resources */,
				B52E14DD299D532F00595ABC /* XibTableViewCell.xib in Resources */,
			);
			runOnlyForDeploymentPostprocessing = 0;
		};
/* End PBXResourcesBuildPhase section */

/* Begin PBXSourcesBuildPhase section */
		B52E14BB299D19A600595ABC /* Sources */ = {
			isa = PBXSourcesBuildPhase;
			buildActionMask = 2147483647;
			files = (
				B52E14C7299D19A600595ABC /* ViewController.swift in Sources */,
				B52E14D7299D2A9200595ABC /* MyTableViewCell.swift in Sources */,
				B52E14D9299D497000595ABC /* TaskModel.swift in Sources */,
				B52E14DC299D532F00595ABC /* XibTableViewCell.swift in Sources */,
				B52E14C3299D19A600595ABC /* AppDelegate.swift in Sources */,
				B52E14C5299D19A600595ABC /* SceneDelegate.swift in Sources */,
				B52E14E3299FA80F00595ABC /* DetailViewController.swift in Sources */,
			);
			runOnlyForDeploymentPostprocessing = 0;
		};
/* End PBXSourcesBuildPhase section */

/* Begin PBXVariantGroup section */
		B52E14C8299D19A600595ABC /* Main.storyboard */ = {
			isa = PBXVariantGroup;
			children = (
				B52E14C9299D19A600595ABC /* Base */,
			);
			name = Main.storyboard;
			sourceTree = "<group>";
		};
		B52E14CD299D19AA00595ABC /* LaunchScreen.storyboard */ = {
			isa = PBXVariantGroup;
			children = (
				B52E14CE299D19AA00595ABC /* Base */,
			);
			name = LaunchScreen.storyboard;
			sourceTree = "<group>";
		};
/* End PBXVariantGroup section */

/* Begin XCBuildConfiguration section */
		B52E14D1299D19AA00595ABC /* Debug */ = {
			isa = XCBuildConfiguration;
			buildSettings = {
				ALWAYS_SEARCH_USER_PATHS = NO;
				CLANG_ANALYZER_NONNULL = YES;
				CLANG_ANALYZER_NUMBER_OBJECT_CONVERSION = YES_AGGRESSIVE;
				CLANG_CXX_LANGUAGE_STANDARD = "gnu++17";
				CLANG_CXX_LIBRARY = "libc++";
				CLANG_ENABLE_MODULES = YES;
				CLANG_ENABLE_OBJC_ARC = YES;
				CLANG_ENABLE_OBJC_WEAK = YES;
				CLANG_WARN_BLOCK_CAPTURE_AUTORELEASING = YES;
				CLANG_WARN_BOOL_CONVERSION = YES;
				CLANG_WARN_COMMA = YES;
				CLANG_WARN_CONSTANT_CONVERSION = YES;
				CLANG_WARN_DEPRECATED_OBJC_IMPLEMENTATIONS = YES;
				CLANG_WARN_DIRECT_OBJC_ISA_USAGE = YES_ERROR;
				CLANG_WARN_DOCUMENTATION_COMMENTS = YES;
				CLANG_WARN_EMPTY_BODY = YES;
				CLANG_WARN_ENUM_CONVERSION = YES;
				CLANG_WARN_INFINITE_RECURSION = YES;
				CLANG_WARN_INT_CONVERSION = YES;
				CLANG_WARN_NON_LITERAL_NULL_CONVERSION = YES;
				CLANG_WARN_OBJC_IMPLICIT_RETAIN_SELF = YES;
				CLANG_WARN_OBJC_LITERAL_CONVERSION = YES;
				CLANG_WARN_OBJC_ROOT_CLASS = YES_ERROR;
				CLANG_WARN_QUOTED_INCLUDE_IN_FRAMEWORK_HEADER = YES;
				CLANG_WARN_RANGE_LOOP_ANALYSIS = YES;
				CLANG_WARN_STRICT_PROTOTYPES = YES;
				CLANG_WARN_SUSPICIOUS_MOVE = YES;
				CLANG_WARN_UNGUARDED_AVAILABILITY = YES_AGGRESSIVE;
				CLANG_WARN_UNREACHABLE_CODE = YES;
				CLANG_WARN__DUPLICATE_METHOD_MATCH = YES;
				COPY_PHASE_STRIP = NO;
				DEBUG_INFORMATION_FORMAT = dwarf;
				ENABLE_STRICT_OBJC_MSGSEND = YES;
				ENABLE_TESTABILITY = YES;
				GCC_C_LANGUAGE_STANDARD = gnu11;
				GCC_DYNAMIC_NO_PIC = NO;
				GCC_NO_COMMON_BLOCKS = YES;
				GCC_OPTIMIZATION_LEVEL = 0;
				GCC_PREPROCESSOR_DEFINITIONS = (
					"DEBUG=1",
					"$(inherited)",
				);
				GCC_WARN_64_TO_32_BIT_CONVERSION = YES;
				GCC_WARN_ABOUT_RETURN_TYPE = YES_ERROR;
				GCC_WARN_UNDECLARED_SELECTOR = YES;
				GCC_WARN_UNINITIALIZED_AUTOS = YES_AGGRESSIVE;
				GCC_WARN_UNUSED_FUNCTION = YES;
				GCC_WARN_UNUSED_VARIABLE = YES;
				IPHONEOS_DEPLOYMENT_TARGET = 15.2;
				MTL_ENABLE_DEBUG_INFO = INCLUDE_SOURCE;
				MTL_FAST_MATH = YES;
				ONLY_ACTIVE_ARCH = YES;
				SDKROOT = iphoneos;
				SWIFT_ACTIVE_COMPILATION_CONDITIONS = DEBUG;
				SWIFT_OPTIMIZATION_LEVEL = "-Onone";
			};
			name = Debug;
		};
		B52E14D2299D19AA00595ABC /* Release */ = {
			isa = XCBuildConfiguration;
			buildSettings = {
				ALWAYS_SEARCH_USER_PATHS = NO;
				CLANG_ANALYZER_NONNULL = YES;
				CLANG_ANALYZER_NUMBER_OBJECT_CONVERSION = YES_AGGRESSIVE;
				CLANG_CXX_LANGUAGE_STANDARD = "gnu++17";
				CLANG_CXX_LIBRARY = "libc++";
				CLANG_ENABLE_MODULES = YES;
				CLANG_ENABLE_OBJC_ARC = YES;
				CLANG_ENABLE_OBJC_WEAK = YES;
				CLANG_WARN_BLOCK_CAPTURE_AUTORELEASING = YES;
				CLANG_WARN_BOOL_CONVERSION = YES;
				CLANG_WARN_COMMA = YES;
				CLANG_WARN_CONSTANT_CONVERSION = YES;
				CLANG_WARN_DEPRECATED_OBJC_IMPLEMENTATIONS = YES;
				CLANG_WARN_DIRECT_OBJC_ISA_USAGE = YES_ERROR;
				CLANG_WARN_DOCUMENTATION_COMMENTS = YES;
				CLANG_WARN_EMPTY_BODY = YES;
				CLANG_WARN_ENUM_CONVERSION = YES;
				CLANG_WARN_INFINITE_RECURSION = YES;
				CLANG_WARN_INT_CONVERSION = YES;
				CLANG_WARN_NON_LITERAL_NULL_CONVERSION = YES;
				CLANG_WARN_OBJC_IMPLICIT_RETAIN_SELF = YES;
				CLANG_WARN_OBJC_LITERAL_CONVERSION = YES;
				CLANG_WARN_OBJC_ROOT_CLASS = YES_ERROR;
				CLANG_WARN_QUOTED_INCLUDE_IN_FRAMEWORK_HEADER = YES;
				CLANG_WARN_RANGE_LOOP_ANALYSIS = YES;
				CLANG_WARN_STRICT_PROTOTYPES = YES;
				CLANG_WARN_SUSPICIOUS_MOVE = YES;
				CLANG_WARN_UNGUARDED_AVAILABILITY = YES_AGGRESSIVE;
				CLANG_WARN_UNREACHABLE_CODE = YES;
				CLANG_WARN__DUPLICATE_METHOD_MATCH = YES;
				COPY_PHASE_STRIP = NO;
				DEBUG_INFORMATION_FORMAT = "dwarf-with-dsym";
				ENABLE_NS_ASSERTIONS = NO;
				ENABLE_STRICT_OBJC_MSGSEND = YES;
				GCC_C_LANGUAGE_STANDARD = gnu11;
				GCC_NO_COMMON_BLOCKS = YES;
				GCC_WARN_64_TO_32_BIT_CONVERSION = YES;
				GCC_WARN_ABOUT_RETURN_TYPE = YES_ERROR;
				GCC_WARN_UNDECLARED_SELECTOR = YES;
				GCC_WARN_UNINITIALIZED_AUTOS = YES_AGGRESSIVE;
				GCC_WARN_UNUSED_FUNCTION = YES;
				GCC_WARN_UNUSED_VARIABLE = YES;
				IPHONEOS_DEPLOYMENT_TARGET = 15.2;
				MTL_ENABLE_DEBUG_INFO = NO;
				MTL_FAST_MATH = YES;
				SDKROOT = iphoneos;
				SWIFT_COMPILATION_MODE = wholemodule;
				SWIFT_OPTIMIZATION_LEVEL = "-O";
				VALIDATE_PRODUCT = YES;
			};
			name = Release;
		};
		B52E14D4299D19AA00595ABC /* Debug */ = {
			isa = XCBuildConfiguration;
			buildSettings = {
				ASSETCATALOG_COMPILER_APPICON_NAME = AppIcon;
				ASSETCATALOG_COMPILER_GLOBAL_ACCENT_COLOR_NAME = AccentColor;
				CODE_SIGN_STYLE = Automatic;
				CURRENT_PROJECT_VERSION = 1;
				GENERATE_INFOPLIST_FILE = YES;
				INFOPLIST_FILE = TableView_Beliy_new/Info.plist;
				INFOPLIST_KEY_UIApplicationSupportsIndirectInputEvents = YES;
				INFOPLIST_KEY_UILaunchStoryboardName = LaunchScreen;
				INFOPLIST_KEY_UIMainStoryboardFile = Main;
				INFOPLIST_KEY_UISupportedInterfaceOrientations_iPad = "UIInterfaceOrientationPortrait UIInterfaceOrientationPortraitUpsideDown UIInterfaceOrientationLandscapeLeft UIInterfaceOrientationLandscapeRight";
				INFOPLIST_KEY_UISupportedInterfaceOrientations_iPhone = "UIInterfaceOrientationPortrait UIInterfaceOrientationLandscapeLeft UIInterfaceOrientationLandscapeRight";
				LD_RUNPATH_SEARCH_PATHS = (
					"$(inherited)",
					"@executable_path/Frameworks",
				);
				MARKETING_VERSION = 1.0;
				PRODUCT_BUNDLE_IDENTIFIER = "com.i-Company.TableView-Beliy-new";
				PRODUCT_NAME = "$(TARGET_NAME)";
				SWIFT_EMIT_LOC_STRINGS = YES;
				SWIFT_VERSION = 5.0;
				TARGETED_DEVICE_FAMILY = "1,2";
			};
			name = Debug;
		};
		B52E14D5299D19AA00595ABC /* Release */ = {
			isa = XCBuildConfiguration;
			buildSettings = {
				ASSETCATALOG_COMPILER_APPICON_NAME = AppIcon;
				ASSETCATALOG_COMPILER_GLOBAL_ACCENT_COLOR_NAME = AccentColor;
				CODE_SIGN_STYLE = Automatic;
				CURRENT_PROJECT_VERSION = 1;
				GENERATE_INFOPLIST_FILE = YES;
				INFOPLIST_FILE = TableView_Beliy_new/Info.plist;
				INFOPLIST_KEY_UIApplicationSupportsIndirectInputEvents = YES;
				INFOPLIST_KEY_UILaunchStoryboardName = LaunchScreen;
				INFOPLIST_KEY_UIMainStoryboardFile = Main;
				INFOPLIST_KEY_UISupportedInterfaceOrientations_iPad = "UIInterfaceOrientationPortrait UIInterfaceOrientationPortraitUpsideDown UIInterfaceOrientationLandscapeLeft UIInterfaceOrientationLandscapeRight";
				INFOPLIST_KEY_UISupportedInterfaceOrientations_iPhone = "UIInterfaceOrientationPortrait UIInterfaceOrientationLandscapeLeft UIInterfaceOrientationLandscapeRight";
				LD_RUNPATH_SEARCH_PATHS = (
					"$(inherited)",
					"@executable_path/Frameworks",
				);
				MARKETING_VERSION = 1.0;
				PRODUCT_BUNDLE_IDENTIFIER = "com.i-Company.TableView-Beliy-new";
				PRODUCT_NAME = "$(TARGET_NAME)";
				SWIFT_EMIT_LOC_STRINGS = YES;
				SWIFT_VERSION = 5.0;
				TARGETED_DEVICE_FAMILY = "1,2";
			};
			name = Release;
		};
/* End XCBuildConfiguration section */

/* Begin XCConfigurationList section */
		B52E14BA299D19A600595ABC /* Build configuration list for PBXProject "TableView_Beliy_new" */ = {
			isa = XCConfigurationList;
			buildConfigurations = (
				B52E14D1299D19AA00595ABC /* Debug */,
				B52E14D2299D19AA00595ABC /* Release */,
			);
			defaultConfigurationIsVisible = 0;
			defaultConfigurationName = Release;
		};
		B52E14D3299D19AA00595ABC /* Build configuration list for PBXNativeTarget "TableView_Beliy_new" */ = {
			isa = XCConfigurationList;
			buildConfigurations = (
				B52E14D4299D19AA00595ABC /* Debug */,
				B52E14D5299D19AA00595ABC /* Release */,
			);
			defaultConfigurationIsVisible = 0;
			defaultConfigurationName = Release;
		};
/* End XCConfigurationList section */
	};
	rootObject = B52E14B7299D19A600595ABC /* Project object */;
}
